
Microsoft Visual Studio Solution File, Format Version 12.00
# Visual Studio Version 16
VisualStudioVersion = 16.0.28711.60
MinimumVisualStudioVersion = 10.0.40219.1
Project("{FAE04EC0-301F-11D3-BF4B-00C04F79EFBC}") = "anagram", "anagram\anagram.csproj", "{F218C5DB-2130-4C6F-A5F1-D37CE733CA39}"
EndProject
Global
	GlobalSection(SolutionConfigurationPlatforms) = preSolution
		Debug|Any CPU = Debug|Any CPU
		Release|Any CPU = Release|Any CPU
	EndGlobalSection
	GlobalSection(ProjectConfigurationPlatforms) = postSolution
		{F218C5DB-2130-4C6F-A5F1-D37CE733CA39}.Debug|Any CPU.ActiveCfg = Debug|Any CPU
		{F218C5DB-2130-4C6F-A5F1-D37CE733CA39}.Debug|Any CPU.Build.0 = Debug|Any CPU
		{F218C5DB-2130-4C6F-A5F1-D37CE733CA39}.Release|Any CPU.ActiveCfg = Release|Any CPU
		{F218C5DB-2130-4C6F-A5F1-D37CE733CA39}.Release|Any CPU.Build.0 = Release|Any CPU
	EndGlobalSection
	GlobalSection(SolutionProperties) = preSolution
		HideSolutionNode = FALSE
	EndGlobalSection
	GlobalSection(ExtensibilityGlobals) = postSolution
		SolutionGuid = {E119F48B-7BDD-44EE-936D-77A2202B84C3}
	EndGlobalSection
EndGlobal
