
Microsoft Visual Studio Solution File, Format Version 12.00
# Visual Studio 15
VisualStudioVersion = 15.0.28307.102
MinimumVisualStudioVersion = 10.0.40219.1
Project("{FAE04EC0-301F-11D3-BF4B-00C04F79EFBC}") = "ConsoleApp2", "ConsoleApp2\ConsoleApp2.csproj", "{73265761-6E47-4E43-9A55-7CF27BDD87F0}"
EndProject
Global
	GlobalSection(SolutionConfigurationPlatforms) = preSolution
		Debug|Any CPU = Debug|Any CPU
		Release|Any CPU = Release|Any CPU
	EndGlobalSection
	GlobalSection(ProjectConfigurationPlatforms) = postSolution
		{73265761-6E47-4E43-9A55-7CF27BDD87F0}.Debug|Any CPU.ActiveCfg = Debug|Any CPU
		{73265761-6E47-4E43-9A55-7CF27BDD87F0}.Debug|Any CPU.Build.0 = Debug|Any CPU
		{73265761-6E47-4E43-9A55-7CF27BDD87F0}.Release|Any CPU.ActiveCfg = Release|Any CPU
		{73265761-6E47-4E43-9A55-7CF27BDD87F0}.Release|Any CPU.Build.0 = Release|Any CPU
	EndGlobalSection
	GlobalSection(SolutionProperties) = preSolution
		HideSolutionNode = FALSE
	EndGlobalSection
	GlobalSection(ExtensibilityGlobals) = postSolution
		SolutionGuid = {932947DD-6C70-4B93-BF83-C3AC8FF46467}
	EndGlobalSection
EndGlobal
