
Microsoft Visual Studio Solution File, Format Version 12.00
# Visual Studio Version 16
VisualStudioVersion = 16.0.29709.97
MinimumVisualStudioVersion = 10.0.40219.1
Project("{FAE04EC0-301F-11D3-BF4B-00C04F79EFBC}") = "tukorevek", "tukorevek\tukorevek.csproj", "{C260EC3C-6ED1-458C-B25D-B52ADACAC16C}"
EndProject
Global
	GlobalSection(SolutionConfigurationPlatforms) = preSolution
		Debug|Any CPU = Debug|Any CPU
		Release|Any CPU = Release|Any CPU
	EndGlobalSection
	GlobalSection(ProjectConfigurationPlatforms) = postSolution
		{C260EC3C-6ED1-458C-B25D-B52ADACAC16C}.Debug|Any CPU.ActiveCfg = Debug|Any CPU
		{C260EC3C-6ED1-458C-B25D-B52ADACAC16C}.Debug|Any CPU.Build.0 = Debug|Any CPU
		{C260EC3C-6ED1-458C-B25D-B52ADACAC16C}.Release|Any CPU.ActiveCfg = Release|Any CPU
		{C260EC3C-6ED1-458C-B25D-B52ADACAC16C}.Release|Any CPU.Build.0 = Release|Any CPU
	EndGlobalSection
	GlobalSection(SolutionProperties) = preSolution
		HideSolutionNode = FALSE
	EndGlobalSection
	GlobalSection(ExtensibilityGlobals) = postSolution
		SolutionGuid = {94FBFC05-DC25-4225-88D3-7C18C8C6A37C}
	EndGlobalSection
EndGlobal
