
Microsoft Visual Studio Solution File, Format Version 12.00
# Visual Studio 15
VisualStudioVersion = 15.0.28307.168
MinimumVisualStudioVersion = 10.0.40219.1
Project("{FAE04EC0-301F-11D3-BF4B-00C04F79EFBC}") = "8kiralyno", "8kiralyno\8kiralyno.csproj", "{3C1098DA-1BE1-404E-B396-3BD4E4CF4FDF}"
EndProject
Global
	GlobalSection(SolutionConfigurationPlatforms) = preSolution
		Debug|Any CPU = Debug|Any CPU
		Release|Any CPU = Release|Any CPU
	EndGlobalSection
	GlobalSection(ProjectConfigurationPlatforms) = postSolution
		{3C1098DA-1BE1-404E-B396-3BD4E4CF4FDF}.Debug|Any CPU.ActiveCfg = Debug|Any CPU
		{3C1098DA-1BE1-404E-B396-3BD4E4CF4FDF}.Debug|Any CPU.Build.0 = Debug|Any CPU
		{3C1098DA-1BE1-404E-B396-3BD4E4CF4FDF}.Release|Any CPU.ActiveCfg = Release|Any CPU
		{3C1098DA-1BE1-404E-B396-3BD4E4CF4FDF}.Release|Any CPU.Build.0 = Release|Any CPU
	EndGlobalSection
	GlobalSection(SolutionProperties) = preSolution
		HideSolutionNode = FALSE
	EndGlobalSection
	GlobalSection(ExtensibilityGlobals) = postSolution
		SolutionGuid = {89987D56-BEC6-4639-B31C-C8087C8B090B}
	EndGlobalSection
EndGlobal
