
Microsoft Visual Studio Solution File, Format Version 12.00
# Visual Studio 15
VisualStudioVersion = 15.0.28307.168
MinimumVisualStudioVersion = 10.0.40219.1
Project("{FAE04EC0-301F-11D3-BF4B-00C04F79EFBC}") = "RomaiToDecimalis", "RomaiToDecimalis\RomaiToDecimalis.csproj", "{C69B2B2A-6781-4D17-BD0D-818EA57CD1AC}"
EndProject
Global
	GlobalSection(SolutionConfigurationPlatforms) = preSolution
		Debug|Any CPU = Debug|Any CPU
		Release|Any CPU = Release|Any CPU
	EndGlobalSection
	GlobalSection(ProjectConfigurationPlatforms) = postSolution
		{C69B2B2A-6781-4D17-BD0D-818EA57CD1AC}.Debug|Any CPU.ActiveCfg = Debug|Any CPU
		{C69B2B2A-6781-4D17-BD0D-818EA57CD1AC}.Debug|Any CPU.Build.0 = Debug|Any CPU
		{C69B2B2A-6781-4D17-BD0D-818EA57CD1AC}.Release|Any CPU.ActiveCfg = Release|Any CPU
		{C69B2B2A-6781-4D17-BD0D-818EA57CD1AC}.Release|Any CPU.Build.0 = Release|Any CPU
	EndGlobalSection
	GlobalSection(SolutionProperties) = preSolution
		HideSolutionNode = FALSE
	EndGlobalSection
	GlobalSection(ExtensibilityGlobals) = postSolution
		SolutionGuid = {92EB4E4F-DCA9-4F01-A2F7-C17DC11EACA1}
	EndGlobalSection
EndGlobal
