
Microsoft Visual Studio Solution File, Format Version 12.00
# Visual Studio 15
VisualStudioVersion = 15.0.27703.2042
MinimumVisualStudioVersion = 10.0.40219.1
Project("{FAE04EC0-301F-11D3-BF4B-00C04F79EFBC}") = "Operátorkereső", "Operátorkereső\Operátorkereső.csproj", "{099FB710-7C92-4B6E-B0E5-266F15B131ED}"
EndProject
Global
	GlobalSection(SolutionConfigurationPlatforms) = preSolution
		Debug|Any CPU = Debug|Any CPU
		Release|Any CPU = Release|Any CPU
	EndGlobalSection
	GlobalSection(ProjectConfigurationPlatforms) = postSolution
		{099FB710-7C92-4B6E-B0E5-266F15B131ED}.Debug|Any CPU.ActiveCfg = Debug|Any CPU
		{099FB710-7C92-4B6E-B0E5-266F15B131ED}.Debug|Any CPU.Build.0 = Debug|Any CPU
		{099FB710-7C92-4B6E-B0E5-266F15B131ED}.Release|Any CPU.ActiveCfg = Release|Any CPU
		{099FB710-7C92-4B6E-B0E5-266F15B131ED}.Release|Any CPU.Build.0 = Release|Any CPU
	EndGlobalSection
	GlobalSection(SolutionProperties) = preSolution
		HideSolutionNode = FALSE
	EndGlobalSection
	GlobalSection(ExtensibilityGlobals) = postSolution
		SolutionGuid = {4154A0FE-C71C-454E-AF78-E8DA5161D274}
	EndGlobalSection
EndGlobal
