
Microsoft Visual Studio Solution File, Format Version 12.00
# Visual Studio 15
VisualStudioVersion = 15.0.28010.2050
MinimumVisualStudioVersion = 10.0.40219.1
Project("{FAE04EC0-301F-11D3-BF4B-00C04F79EFBC}") = "Nobel", "Nobel\Nobel.csproj", "{EB55CD83-7734-4F81-AB6D-EF8986AB570D}"
EndProject
Global
	GlobalSection(SolutionConfigurationPlatforms) = preSolution
		Debug|Any CPU = Debug|Any CPU
		Release|Any CPU = Release|Any CPU
	EndGlobalSection
	GlobalSection(ProjectConfigurationPlatforms) = postSolution
		{EB55CD83-7734-4F81-AB6D-EF8986AB570D}.Debug|Any CPU.ActiveCfg = Debug|Any CPU
		{EB55CD83-7734-4F81-AB6D-EF8986AB570D}.Debug|Any CPU.Build.0 = Debug|Any CPU
		{EB55CD83-7734-4F81-AB6D-EF8986AB570D}.Release|Any CPU.ActiveCfg = Release|Any CPU
		{EB55CD83-7734-4F81-AB6D-EF8986AB570D}.Release|Any CPU.Build.0 = Release|Any CPU
	EndGlobalSection
	GlobalSection(SolutionProperties) = preSolution
		HideSolutionNode = FALSE
	EndGlobalSection
	GlobalSection(ExtensibilityGlobals) = postSolution
		SolutionGuid = {76CB2EFF-CC33-443E-98E5-A4307AC3FE4D}
	EndGlobalSection
EndGlobal
