
Microsoft Visual Studio Solution File, Format Version 12.00
# Visual Studio 15
VisualStudioVersion = 15.0.28307.421
MinimumVisualStudioVersion = 10.0.40219.1
Project("{FAE04EC0-301F-11D3-BF4B-00C04F79EFBC}") = "SocketClientGUI", "SocketClientGUI\SocketClientGUI.csproj", "{8B449849-290A-4265-9DC2-CBD0D1903FDA}"
EndProject
Global
	GlobalSection(SolutionConfigurationPlatforms) = preSolution
		Debug|Any CPU = Debug|Any CPU
		Release|Any CPU = Release|Any CPU
	EndGlobalSection
	GlobalSection(ProjectConfigurationPlatforms) = postSolution
		{8B449849-290A-4265-9DC2-CBD0D1903FDA}.Debug|Any CPU.ActiveCfg = Debug|Any CPU
		{8B449849-290A-4265-9DC2-CBD0D1903FDA}.Debug|Any CPU.Build.0 = Debug|Any CPU
		{8B449849-290A-4265-9DC2-CBD0D1903FDA}.Release|Any CPU.ActiveCfg = Release|Any CPU
		{8B449849-290A-4265-9DC2-CBD0D1903FDA}.Release|Any CPU.Build.0 = Release|Any CPU
	EndGlobalSection
	GlobalSection(SolutionProperties) = preSolution
		HideSolutionNode = FALSE
	EndGlobalSection
	GlobalSection(ExtensibilityGlobals) = postSolution
		SolutionGuid = {B58310B6-57A5-4197-9928-721E918B5377}
	EndGlobalSection
EndGlobal
