
Microsoft Visual Studio Solution File, Format Version 12.00
# Visual Studio Version 16
VisualStudioVersion = 16.0.28711.60
MinimumVisualStudioVersion = 10.0.40219.1
Project("{FAE04EC0-301F-11D3-BF4B-00C04F79EFBC}") = "MySQL", "MySQL\MySQL.csproj", "{D4561DE7-D642-4867-8C59-DD1997949D53}"
EndProject
Global
	GlobalSection(SolutionConfigurationPlatforms) = preSolution
		Debug|Any CPU = Debug|Any CPU
		Release|Any CPU = Release|Any CPU
	EndGlobalSection
	GlobalSection(ProjectConfigurationPlatforms) = postSolution
		{D4561DE7-D642-4867-8C59-DD1997949D53}.Debug|Any CPU.ActiveCfg = Debug|Any CPU
		{D4561DE7-D642-4867-8C59-DD1997949D53}.Debug|Any CPU.Build.0 = Debug|Any CPU
		{D4561DE7-D642-4867-8C59-DD1997949D53}.Release|Any CPU.ActiveCfg = Release|Any CPU
		{D4561DE7-D642-4867-8C59-DD1997949D53}.Release|Any CPU.Build.0 = Release|Any CPU
	EndGlobalSection
	GlobalSection(SolutionProperties) = preSolution
		HideSolutionNode = FALSE
	EndGlobalSection
	GlobalSection(ExtensibilityGlobals) = postSolution
		SolutionGuid = {6353A514-B4C7-448B-949D-A534674E8A0E}
	EndGlobalSection
EndGlobal
