
Microsoft Visual Studio Solution File, Format Version 12.00
# Visual Studio 15
VisualStudioVersion = 15.0.28307.271
MinimumVisualStudioVersion = 10.0.40219.1
Project("{FAE04EC0-301F-11D3-BF4B-00C04F79EFBC}") = "Dolgozok", "Dolgozok\Dolgozok.csproj", "{DED082DD-1696-4D31-BC0A-9E0D554AE169}"
EndProject
Global
	GlobalSection(SolutionConfigurationPlatforms) = preSolution
		Debug|Any CPU = Debug|Any CPU
		Release|Any CPU = Release|Any CPU
	EndGlobalSection
	GlobalSection(ProjectConfigurationPlatforms) = postSolution
		{DED082DD-1696-4D31-BC0A-9E0D554AE169}.Debug|Any CPU.ActiveCfg = Debug|Any CPU
		{DED082DD-1696-4D31-BC0A-9E0D554AE169}.Debug|Any CPU.Build.0 = Debug|Any CPU
		{DED082DD-1696-4D31-BC0A-9E0D554AE169}.Release|Any CPU.ActiveCfg = Release|Any CPU
		{DED082DD-1696-4D31-BC0A-9E0D554AE169}.Release|Any CPU.Build.0 = Release|Any CPU
	EndGlobalSection
	GlobalSection(SolutionProperties) = preSolution
		HideSolutionNode = FALSE
	EndGlobalSection
	GlobalSection(ExtensibilityGlobals) = postSolution
		SolutionGuid = {82297520-FA47-4BA8-8D90-63E3CD736544}
	EndGlobalSection
EndGlobal
