
Microsoft Visual Studio Solution File, Format Version 12.00
# Visual Studio 15
VisualStudioVersion = 15.0.28307.271
MinimumVisualStudioVersion = 10.0.40219.1
Project("{FAE04EC0-301F-11D3-BF4B-00C04F79EFBC}") = "Sorozat2", "Sorozat2\Sorozat2.csproj", "{A6F8C287-D007-44F0-9D45-717E218AD456}"
EndProject
Global
	GlobalSection(SolutionConfigurationPlatforms) = preSolution
		Debug|Any CPU = Debug|Any CPU
		Release|Any CPU = Release|Any CPU
	EndGlobalSection
	GlobalSection(ProjectConfigurationPlatforms) = postSolution
		{A6F8C287-D007-44F0-9D45-717E218AD456}.Debug|Any CPU.ActiveCfg = Debug|Any CPU
		{A6F8C287-D007-44F0-9D45-717E218AD456}.Debug|Any CPU.Build.0 = Debug|Any CPU
		{A6F8C287-D007-44F0-9D45-717E218AD456}.Release|Any CPU.ActiveCfg = Release|Any CPU
		{A6F8C287-D007-44F0-9D45-717E218AD456}.Release|Any CPU.Build.0 = Release|Any CPU
	EndGlobalSection
	GlobalSection(SolutionProperties) = preSolution
		HideSolutionNode = FALSE
	EndGlobalSection
	GlobalSection(ExtensibilityGlobals) = postSolution
		SolutionGuid = {B8BE02FC-512A-46CE-97CB-40F9A3CC2A19}
	EndGlobalSection
EndGlobal
